PODS:
  - Alamofire (4.8.0)
  - Moya (12.0.1):
    - Moya/Core (= 12.0.1)
  - Moya/Core (12.0.1):
    - Alamofire (~> 4.1)
    - Result (~> 4.0)
  - Result (4.1.0)
  - SDWebImage (4.4.3):
    - SDWebImage/Core (= 4.4.3)
  - SDWebImage/Core (4.4.3)
  - SVProgressHUD (2.2.5)

DEPENDENCIES:
  - Moya (~> 12.0)
  - SDWebImage
  - SVProgressHUD

SPEC REPOS:
  https://github.com/cocoapods/specs.git:
    - Alamofire
    - Moya
    - Result
    - SDWebImage
    - SVProgressHUD

SPEC CHECKSUMS:
  Alamofire: 3ec537f71edc9804815215393ae2b1a8ea33a844
  Moya: cf730b3cd9e005401ef37a85143aa141a12fd38f
  Result: bd966fac789cc6c1563440b348ab2598cc24d5c7
  SDWebImage: c5594f1a19c48d526d321e548902b56b479cd508
  SVProgressHUD: 1428aafac632c1f86f62aa4243ec12008d7a51d6

PODFILE CHECKSUM: 9fba6fe263ef17a6d5af4b3e9a85debf99286294

COCOAPODS: 1.5.3
