// !$*UTF8*$!
{
	archiveVersion = 1;
	classes = {
	};
	objectVersion = 50;
	objects = {

/* Begin PBXBuildFile section */
		3D16D3DD2246271A00875347 /* MovieDatabaseAPI.swift in Sources */ = {isa = PBXBuildFile; fileRef = 3D16D3DC2246271A00875347 /* MovieDatabaseAPI.swift */; };
		3D7E0F4C224656A000B8AAF2 /* NetworkAdapter.swift in Sources */ = {isa = PBXBuildFile; fileRef = 3D7E0F4B224656A000B8AAF2 /* NetworkAdapter.swift */; };
		3D7E0F5122465E9400B8AAF2 /* MovieService.swift in Sources */ = {isa = PBXBuildFile; fileRef = 3D7E0F5022465E9400B8AAF2 /* MovieService.swift */; };
		3D7E0F5322465E9D00B8AAF2 /* MovieClient.swift in Sources */ = {isa = PBXBuildFile; fileRef = 3D7E0F5222465E9D00B8AAF2 /* MovieClient.swift */; };
		3D7E0F5522469BD600B8AAF2 /* MovieItem.swift in Sources */ = {isa = PBXBuildFile; fileRef = 3D7E0F5422469BD600B8AAF2 /* MovieItem.swift */; };
		3D7E0F572246AF7E00B8AAF2 /* AlertController.swift in Sources */ = {isa = PBXBuildFile; fileRef = 3D7E0F562246AF7E00B8AAF2 /* AlertController.swift */; };
		3D7E0F5B2246FC1F00B8AAF2 /* MovieListPresenter.swift in Sources */ = {isa = PBXBuildFile; fileRef = 3D7E0F5A2246FC1F00B8AAF2 /* MovieListPresenter.swift */; };
		3D7E0F5D224702A500B8AAF2 /* Extensions.swift in Sources */ = {isa = PBXBuildFile; fileRef = 3D7E0F5C224702A500B8AAF2 /* Extensions.swift */; };
		3D82A6902245209000C05ADB /* AppDelegate.swift in Sources */ = {isa = PBXBuildFile; fileRef = 3D82A68F2245209000C05ADB /* AppDelegate.swift */; };
		3D82A6952245209000C05ADB /* Main.storyboard in Resources */ = {isa = PBXBuildFile; fileRef = 3D82A6932245209000C05ADB /* Main.storyboard */; };
		3D82A6972245209200C05ADB /* Assets.xcassets in Resources */ = {isa = PBXBuildFile; fileRef = 3D82A6962245209200C05ADB /* Assets.xcassets */; };
		3D82A69A2245209200C05ADB /* LaunchScreen.storyboard in Resources */ = {isa = PBXBuildFile; fileRef = 3D82A6982245209200C05ADB /* LaunchScreen.storyboard */; };
		3D82A6B02245209200C05ADB /* TestAppUITests.swift in Sources */ = {isa = PBXBuildFile; fileRef = 3D82A6AF2245209200C05ADB /* TestAppUITests.swift */; };
		3D82A6BE2245211A00C05ADB /* MoviesListTableViewController.swift in Sources */ = {isa = PBXBuildFile; fileRef = 3D82A6BD2245211A00C05ADB /* MoviesListTableViewController.swift */; };
		3D82A6C522452C5A00C05ADB /* MovieDetailViewController.swift in Sources */ = {isa = PBXBuildFile; fileRef = 3D82A6C422452C5A00C05ADB /* MovieDetailViewController.swift */; };
		3D97D4DC2247F84400ACD361 /* Reachability.swift in Sources */ = {isa = PBXBuildFile; fileRef = 3D97D4DB2247F84400ACD361 /* Reachability.swift */; };
		3D97D4DE2247FE2500ACD361 /* OfflineStorage.swift in Sources */ = {isa = PBXBuildFile; fileRef = 3D97D4DD2247FE2500ACD361 /* OfflineStorage.swift */; };
		3D97D4E1224844AB00ACD361 /* MovieResponseTests.swift in Sources */ = {isa = PBXBuildFile; fileRef = 3D97D4E0224844AB00ACD361 /* MovieResponseTests.swift */; };
		3D97D4E4224845EF00ACD361 /* MovieListValid.json in Resources */ = {isa = PBXBuildFile; fileRef = 3D97D4E3224845EF00ACD361 /* MovieListValid.json */; };
		3D97D4E622484B4A00ACD361 /* MovieListBroken.json in Resources */ = {isa = PBXBuildFile; fileRef = 3D97D4E522484B4A00ACD361 /* MovieListBroken.json */; };
		3DC519BE224787D200C9476F /* MovieSplitViewController.swift in Sources */ = {isa = PBXBuildFile; fileRef = 3DC519BD224787D200C9476F /* MovieSplitViewController.swift */; };
		3DC519C12247CD5400C9476F /* MovieDetailPresenter.swift in Sources */ = {isa = PBXBuildFile; fileRef = 3DC519C02247CD5400C9476F /* MovieDetailPresenter.swift */; };
		3DC519C32247DEF300C9476F /* iOS test code .pdf in Resources */ = {isa = PBXBuildFile; fileRef = 3DC519C22247DEF200C9476F /* iOS test code .pdf */; };
		3E7A9CE7702F80CD1D7DBD52 /* Pods_TestApp.framework in Frameworks */ = {isa = PBXBuildFile; fileRef = 83072AB50DB251620F8FFDD7 /* Pods_TestApp.framework */; };
		798275AEA801BE5C3ACE738A /* Pods_TestAppUITests.framework in Frameworks */ = {isa = PBXBuildFile; fileRef = F317CF60FF7B1CD943436B4B /* Pods_TestAppUITests.framework */; };
/* End PBXBuildFile section */

/* Begin PBXContainerItemProxy section */
		3D82A6A12245209200C05ADB /* PBXContainerItemProxy */ = {
			isa = PBXContainerItemProxy;
			containerPortal = 3D82A6842245209000C05ADB /* Project object */;
			proxyType = 1;
			remoteGlobalIDString = 3D82A68B2245209000C05ADB;
			remoteInfo = TestApp;
		};
		3D82A6AC2245209200C05ADB /* PBXContainerItemProxy */ = {
			isa = PBXContainerItemProxy;
			containerPortal = 3D82A6842245209000C05ADB /* Project object */;
			proxyType = 1;
			remoteGlobalIDString = 3D82A68B2245209000C05ADB;
			remoteInfo = TestApp;
		};
/* End PBXContainerItemProxy section */

/* Begin PBXFileReference section */
		001905B9873C489004D6E15A /* Pods_TestAppTests.framework */ = {isa = PBXFileReference; explicitFileType = wrapper.framework; includeInIndex = 0; path = Pods_TestAppTests.framework; sourceTree = BUILT_PRODUCTS_DIR; };
		3D16D3DC2246271A00875347 /* MovieDatabaseAPI.swift */ = {isa = PBXFileReference; lastKnownFileType = sourcecode.swift; path = MovieDatabaseAPI.swift; sourceTree = "<group>"; };
		3D7E0F4B224656A000B8AAF2 /* NetworkAdapter.swift */ = {isa = PBXFileReference; lastKnownFileType = sourcecode.swift; path = NetworkAdapter.swift; sourceTree = "<group>"; };
		3D7E0F5022465E9400B8AAF2 /* MovieService.swift */ = {isa = PBXFileReference; lastKnownFileType = sourcecode.swift; path = MovieService.swift; sourceTree = "<group>"; };
		3D7E0F5222465E9D00B8AAF2 /* MovieClient.swift */ = {isa = PBXFileReference; lastKnownFileType = sourcecode.swift; path = MovieClient.swift; sourceTree = "<group>"; };
		3D7E0F5422469BD600B8AAF2 /* MovieItem.swift */ = {isa = PBXFileReference; lastKnownFileType = sourcecode.swift; path = MovieItem.swift; sourceTree = "<group>"; };
		3D7E0F562246AF7E00B8AAF2 /* AlertController.swift */ = {isa = PBXFileReference; lastKnownFileType = sourcecode.swift; path = AlertController.swift; sourceTree = "<group>"; };
		3D7E0F5A2246FC1F00B8AAF2 /* MovieListPresenter.swift */ = {isa = PBXFileReference; lastKnownFileType = sourcecode.swift; path = MovieListPresenter.swift; sourceTree = "<group>"; };
		3D7E0F5C224702A500B8AAF2 /* Extensions.swift */ = {isa = PBXFileReference; lastKnownFileType = sourcecode.swift; path = Extensions.swift; sourceTree = "<group>"; };
		3D82A68C2245209000C05ADB /* TestApp.app */ = {isa = PBXFileReference; explicitFileType = wrapper.application; includeInIndex = 0; path = TestApp.app; sourceTree = BUILT_PRODUCTS_DIR; };
		3D82A68F2245209000C05ADB /* AppDelegate.swift */ = {isa = PBXFileReference; lastKnownFileType = sourcecode.swift; path = AppDelegate.swift; sourceTree = "<group>"; };
		3D82A6942245209000C05ADB /* Base */ = {isa = PBXFileReference; lastKnownFileType = file.storyboard; name = Base; path = Base.lproj/Main.storyboard; sourceTree = "<group>"; };
		3D82A6962245209200C05ADB /* Assets.xcassets */ = {isa = PBXFileReference; lastKnownFileType = folder.assetcatalog; path = Assets.xcassets; sourceTree = "<group>"; };
		3D82A6992245209200C05ADB /* Base */ = {isa = PBXFileReference; lastKnownFileType = file.storyboard; name = Base; path = Base.lproj/LaunchScreen.storyboard; sourceTree = "<group>"; };
		3D82A69B2245209200C05ADB /* Info.plist */ = {isa = PBXFileReference; lastKnownFileType = text.plist.xml; path = Info.plist; sourceTree = "<group>"; };
		3D82A6A02245209200C05ADB /* TestAppTests.xctest */ = {isa = PBXFileReference; explicitFileType = wrapper.cfbundle; includeInIndex = 0; path = TestAppTests.xctest; sourceTree = BUILT_PRODUCTS_DIR; };
		3D82A6A62245209200C05ADB /* Info.plist */ = {isa = PBXFileReference; lastKnownFileType = text.plist.xml; path = Info.plist; sourceTree = "<group>"; };
		3D82A6AB2245209200C05ADB /* TestAppUITests.xctest */ = {isa = PBXFileReference; explicitFileType = wrapper.cfbundle; includeInIndex = 0; path = TestAppUITests.xctest; sourceTree = BUILT_PRODUCTS_DIR; };
		3D82A6AF2245209200C05ADB /* TestAppUITests.swift */ = {isa = PBXFileReference; lastKnownFileType = sourcecode.swift; path = TestAppUITests.swift; sourceTree = "<group>"; };
		3D82A6B12245209200C05ADB /* Info.plist */ = {isa = PBXFileReference; lastKnownFileType = text.plist.xml; path = Info.plist; sourceTree = "<group>"; };
		3D82A6BD2245211A00C05ADB /* MoviesListTableViewController.swift */ = {isa = PBXFileReference; lastKnownFileType = sourcecode.swift; path = MoviesListTableViewController.swift; sourceTree = "<group>"; };
		3D82A6C422452C5A00C05ADB /* MovieDetailViewController.swift */ = {isa = PBXFileReference; lastKnownFileType = sourcecode.swift; path = MovieDetailViewController.swift; sourceTree = "<group>"; };
		3D97D4DB2247F84400ACD361 /* Reachability.swift */ = {isa = PBXFileReference; lastKnownFileType = sourcecode.swift; path = Reachability.swift; sourceTree = "<group>"; };
		3D97D4DD2247FE2500ACD361 /* OfflineStorage.swift */ = {isa = PBXFileReference; lastKnownFileType = sourcecode.swift; path = OfflineStorage.swift; sourceTree = "<group>"; };
		3D97D4E0224844AB00ACD361 /* MovieResponseTests.swift */ = {isa = PBXFileReference; lastKnownFileType = sourcecode.swift; path = MovieResponseTests.swift; sourceTree = "<group>"; };
		3D97D4E3224845EF00ACD361 /* MovieListValid.json */ = {isa = PBXFileReference; fileEncoding = 4; lastKnownFileType = text.json; path = MovieListValid.json; sourceTree = "<group>"; };
		3D97D4E522484B4A00ACD361 /* MovieListBroken.json */ = {isa = PBXFileReference; fileEncoding = 4; lastKnownFileType = text.json; path = MovieListBroken.json; sourceTree = "<group>"; };
		3DC519BD224787D200C9476F /* MovieSplitViewController.swift */ = {isa = PBXFileReference; lastKnownFileType = sourcecode.swift; path = MovieSplitViewController.swift; sourceTree = "<group>"; };
		3DC519C02247CD5400C9476F /* MovieDetailPresenter.swift */ = {isa = PBXFileReference; lastKnownFileType = sourcecode.swift; path = MovieDetailPresenter.swift; sourceTree = "<group>"; };
		3DC519C22247DEF200C9476F /* iOS test code .pdf */ = {isa = PBXFileReference; lastKnownFileType = image.pdf; path = "iOS test code .pdf"; sourceTree = "<group>"; };
		63C32D6C3CDDF68E801B841B /* Pods-TestAppUITests.release.xcconfig */ = {isa = PBXFileReference; includeInIndex = 1; lastKnownFileType = text.xcconfig; name = "Pods-TestAppUITests.release.xcconfig"; path = "Pods/Target Support Files/Pods-TestAppUITests/Pods-TestAppUITests.release.xcconfig"; sourceTree = "<group>"; };
		771D15A4E625D93DA3B35569 /* Pods-TestApp.release.xcconfig */ = {isa = PBXFileReference; includeInIndex = 1; lastKnownFileType = text.xcconfig; name = "Pods-TestApp.release.xcconfig"; path = "Pods/Target Support Files/Pods-TestApp/Pods-TestApp.release.xcconfig"; sourceTree = "<group>"; };
		83072AB50DB251620F8FFDD7 /* Pods_TestApp.framework */ = {isa = PBXFileReference; explicitFileType = wrapper.framework; includeInIndex = 0; path = Pods_TestApp.framework; sourceTree = BUILT_PRODUCTS_DIR; };
		C1EBC0E9EFDEB64A86787B12 /* Pods-TestAppUITests.debug.xcconfig */ = {isa = PBXFileReference; includeInIndex = 1; lastKnownFileType = text.xcconfig; name = "Pods-TestAppUITests.debug.xcconfig"; path = "Pods/Target Support Files/Pods-TestAppUITests/Pods-TestAppUITests.debug.xcconfig"; sourceTree = "<group>"; };
		C384B8586BFBB7EDF672C4E7 /* Pods-TestApp.debug.xcconfig */ = {isa = PBXFileReference; includeInIndex = 1; lastKnownFileType = text.xcconfig; name = "Pods-TestApp.debug.xcconfig"; path = "Pods/Target Support Files/Pods-TestApp/Pods-TestApp.debug.xcconfig"; sourceTree = "<group>"; };
		F317CF60FF7B1CD943436B4B /* Pods_TestAppUITests.framework */ = {isa = PBXFileReference; explicitFileType = wrapper.framework; includeInIndex = 0; path = Pods_TestAppUITests.framework; sourceTree = BUILT_PRODUCTS_DIR; };
/* End PBXFileReference section */

/* Begin PBXFrameworksBuildPhase section */
		3D82A6892245209000C05ADB /* Frameworks */ = {
			isa = PBXFrameworksBuildPhase;
			buildActionMask = 2147483647;
			files = (
				3E7A9CE7702F80CD1D7DBD52 /* Pods_TestApp.framework in Frameworks */,
			);
			runOnlyForDeploymentPostprocessing = 0;
		};
		3D82A69D2245209200C05ADB /* Frameworks */ = {
			isa = PBXFrameworksBuildPhase;
			buildActionMask = 2147483647;
			files = (
			);
			runOnlyForDeploymentPostprocessing = 0;
		};
		3D82A6A82245209200C05ADB /* Frameworks */ = {
			isa = PBXFrameworksBuildPhase;
			buildActionMask = 2147483647;
			files = (
				798275AEA801BE5C3ACE738A /* Pods_TestAppUITests.framework in Frameworks */,
			);
			runOnlyForDeploymentPostprocessing = 0;
		};
/* End PBXFrameworksBuildPhase section */

/* Begin PBXGroup section */
		12091FD24F5DA08B8E51A5BD /* Pods */ = {
			isa = PBXGroup;
			children = (
				C384B8586BFBB7EDF672C4E7 /* Pods-TestApp.debug.xcconfig */,
				771D15A4E625D93DA3B35569 /* Pods-TestApp.release.xcconfig */,
				C1EBC0E9EFDEB64A86787B12 /* Pods-TestAppUITests.debug.xcconfig */,
				63C32D6C3CDDF68E801B841B /* Pods-TestAppUITests.release.xcconfig */,
			);
			name = Pods;
			sourceTree = "<group>";
		};
		3D16D3D6224623B000875347 /* ApplicationLayer */ = {
			isa = PBXGroup;
			children = (
				3D82A68F2245209000C05ADB /* AppDelegate.swift */,
			);
			path = ApplicationLayer;
			sourceTree = "<group>";
		};
		3D16D3D7224623BB00875347 /* Modules */ = {
			isa = PBXGroup;
			children = (
				3D7E0F582246FBEF00B8AAF2 /* MovieList */,
				3D7E0F592246FBFE00B8AAF2 /* MovieDetail */,
				3DC519BF224787F100C9476F /* Navigation */,
				3D97D4DA2247E2F200ACD361 /* MovieModel */,
			);
			path = Modules;
			sourceTree = "<group>";
		};
		3D16D3D92246240200875347 /* CoreLayer */ = {
			isa = PBXGroup;
			children = (
				3D16D3DE2246272000875347 /* Network */,
				3D97D4DF2247FE2C00ACD361 /* DataStorage */,
			);
			path = CoreLayer;
			sourceTree = "<group>";
		};
		3D16D3DA2246241000875347 /* Storyboards */ = {
			isa = PBXGroup;
			children = (
				3D82A6932245209000C05ADB /* Main.storyboard */,
			);
			path = Storyboards;
			sourceTree = "<group>";
		};
		3D16D3DB2246243100875347 /* Resources */ = {
			isa = PBXGroup;
			children = (
				3D82A6962245209200C05ADB /* Assets.xcassets */,
				3D82A6982245209200C05ADB /* LaunchScreen.storyboard */,
				3D82A69B2245209200C05ADB /* Info.plist */,
			);
			path = Resources;
			sourceTree = "<group>";
		};
		3D16D3DE2246272000875347 /* Network */ = {
			isa = PBXGroup;
			children = (
				3D7E0F4D22465E3400B8AAF2 /* Core */,
				3D7E0F4E22465E4000B8AAF2 /* Services */,
				3D7E0F4F22465E4800B8AAF2 /* Clients */,
			);
			path = Network;
			sourceTree = "<group>";
		};
		3D7E0F4A22464B3A00B8AAF2 /* Helpers */ = {
			isa = PBXGroup;
			children = (
				3D7E0F562246AF7E00B8AAF2 /* AlertController.swift */,
				3D7E0F5C224702A500B8AAF2 /* Extensions.swift */,
			);
			path = Helpers;
			sourceTree = "<group>";
		};
		3D7E0F4D22465E3400B8AAF2 /* Core */ = {
			isa = PBXGroup;
			children = (
				3D7E0F4B224656A000B8AAF2 /* NetworkAdapter.swift */,
				3D16D3DC2246271A00875347 /* MovieDatabaseAPI.swift */,
				3D97D4DB2247F84400ACD361 /* Reachability.swift */,
			);
			path = Core;
			sourceTree = "<group>";
		};
		3D7E0F4E22465E4000B8AAF2 /* Services */ = {
			isa = PBXGroup;
			children = (
				3D7E0F5022465E9400B8AAF2 /* MovieService.swift */,
			);
			path = Services;
			sourceTree = "<group>";
		};
		3D7E0F4F22465E4800B8AAF2 /* Clients */ = {
			isa = PBXGroup;
			children = (
				3D7E0F5222465E9D00B8AAF2 /* MovieClient.swift */,
			);
			path = Clients;
			sourceTree = "<group>";
		};
		3D7E0F582246FBEF00B8AAF2 /* MovieList */ = {
			isa = PBXGroup;
			children = (
				3D7E0F5A2246FC1F00B8AAF2 /* MovieListPresenter.swift */,
				3D82A6BD2245211A00C05ADB /* MoviesListTableViewController.swift */,
			);
			path = MovieList;
			sourceTree = "<group>";
		};
		3D7E0F592246FBFE00B8AAF2 /* MovieDetail */ = {
			isa = PBXGroup;
			children = (
				3DC519C02247CD5400C9476F /* MovieDetailPresenter.swift */,
				3D82A6C422452C5A00C05ADB /* MovieDetailViewController.swift */,
			);
			path = MovieDetail;
			sourceTree = "<group>";
		};
		3D82A6832245209000C05ADB = {
			isa = PBXGroup;
			children = (
				3DC519C22247DEF200C9476F /* iOS test code .pdf */,
				3D82A68E2245209000C05ADB /* TestApp */,
				3D82A6A32245209200C05ADB /* TestAppTests */,
				3D82A6AE2245209200C05ADB /* TestAppUITests */,
				3D82A68D2245209000C05ADB /* Products */,
				12091FD24F5DA08B8E51A5BD /* Pods */,
				CBCC81C74D47AAC2D3C06E70 /* Frameworks */,
			);
			sourceTree = "<group>";
		};
		3D82A68D2245209000C05ADB /* Products */ = {
			isa = PBXGroup;
			children = (
				3D82A68C2245209000C05ADB /* TestApp.app */,
				3D82A6A02245209200C05ADB /* TestAppTests.xctest */,
				3D82A6AB2245209200C05ADB /* TestAppUITests.xctest */,
			);
			name = Products;
			sourceTree = "<group>";
		};
		3D82A68E2245209000C05ADB /* TestApp */ = {
			isa = PBXGroup;
			children = (
				3D16D3D6224623B000875347 /* ApplicationLayer */,
				3D16D3D92246240200875347 /* CoreLayer */,
				3D16D3D7224623BB00875347 /* Modules */,
				3D7E0F4A22464B3A00B8AAF2 /* Helpers */,
				3D16D3DA2246241000875347 /* Storyboards */,
				3D16D3DB2246243100875347 /* Resources */,
			);
			path = TestApp;
			sourceTree = "<group>";
		};
		3D82A6A32245209200C05ADB /* TestAppTests */ = {
			isa = PBXGroup;
			children = (
				3D97D4E2224844EC00ACD361 /* StubbedResponses */,
				3D97D4E0224844AB00ACD361 /* MovieResponseTests.swift */,
				3D82A6A62245209200C05ADB /* Info.plist */,
			);
			path = TestAppTests;
			sourceTree = "<group>";
		};
		3D82A6AE2245209200C05ADB /* TestAppUITests */ = {
			isa = PBXGroup;
			children = (
				3D82A6AF2245209200C05ADB /* TestAppUITests.swift */,
				3D82A6B12245209200C05ADB /* Info.plist */,
			);
			path = TestAppUITests;
			sourceTree = "<group>";
		};
		3D97D4DA2247E2F200ACD361 /* MovieModel */ = {
			isa = PBXGroup;
			children = (
				3D7E0F5422469BD600B8AAF2 /* MovieItem.swift */,
			);
			path = MovieModel;
			sourceTree = "<group>";
		};
		3D97D4DF2247FE2C00ACD361 /* DataStorage */ = {
			isa = PBXGroup;
			children = (
				3D97D4DD2247FE2500ACD361 /* OfflineStorage.swift */,
			);
			path = DataStorage;
			sourceTree = "<group>";
		};
		3D97D4E2224844EC00ACD361 /* StubbedResponses */ = {
			isa = PBXGroup;
			children = (
				3D97D4E3224845EF00ACD361 /* MovieListValid.json */,
				3D97D4E522484B4A00ACD361 /* MovieListBroken.json */,
			);
			path = StubbedResponses;
			sourceTree = "<group>";
		};
		3DC519BF224787F100C9476F /* Navigation */ = {
			isa = PBXGroup;
			children = (
				3DC519BD224787D200C9476F /* MovieSplitViewController.swift */,
			);
			path = Navigation;
			sourceTree = "<group>";
		};
		CBCC81C74D47AAC2D3C06E70 /* Frameworks */ = {
			isa = PBXGroup;
			children = (
				83072AB50DB251620F8FFDD7 /* Pods_TestApp.framework */,
				001905B9873C489004D6E15A /* Pods_TestAppTests.framework */,
				F317CF60FF7B1CD943436B4B /* Pods_TestAppUITests.framework */,
			);
			name = Frameworks;
			sourceTree = "<group>";
		};
/* End PBXGroup section */

/* Begin PBXNativeTarget section */
		3D82A68B2245209000C05ADB /* TestApp */ = {
			isa = PBXNativeTarget;
			buildConfigurationList = 3D82A6B42245209200C05ADB /* Build configuration list for PBXNativeTarget "TestApp" */;
			buildPhases = (
				51B502E93CFE353C2D50ADA4 /* [CP] Check Pods Manifest.lock */,
				3D82A6882245209000C05ADB /* Sources */,
				3D82A6892245209000C05ADB /* Frameworks */,
				3D82A68A2245209000C05ADB /* Resources */,
				BD5FAD63B92419218BACBF9F /* [CP] Embed Pods Frameworks */,
			);
			buildRules = (
			);
			dependencies = (
			);
			name = TestApp;
			productName = TestApp;
			productReference = 3D82A68C2245209000C05ADB /* TestApp.app */;
			productType = "com.apple.product-type.application";
		};
		3D82A69F2245209200C05ADB /* TestAppTests */ = {
			isa = PBXNativeTarget;
			buildConfigurationList = 3D82A6B72245209200C05ADB /* Build configuration list for PBXNativeTarget "TestAppTests" */;
			buildPhases = (
				3D82A69C2245209200C05ADB /* Sources */,
				3D82A69D2245209200C05ADB /* Frameworks */,
				3D82A69E2245209200C05ADB /* Resources */,
			);
			buildRules = (
			);
			dependencies = (
				3D82A6A22245209200C05ADB /* PBXTargetDependency */,
			);
			name = TestAppTests;
			productName = TestAppTests;
			productReference = 3D82A6A02245209200C05ADB /* TestAppTests.xctest */;
			productType = "com.apple.product-type.bundle.unit-test";
		};
		3D82A6AA2245209200C05ADB /* TestAppUITests */ = {
			isa = PBXNativeTarget;
			buildConfigurationList = 3D82A6BA2245209200C05ADB /* Build configuration list for PBXNativeTarget "TestAppUITests" */;
			buildPhases = (
				87A2806910DFD7F8505CFB9E /* [CP] Check Pods Manifest.lock */,
				3D82A6A72245209200C05ADB /* Sources */,
				3D82A6A82245209200C05ADB /* Frameworks */,
				3D82A6A92245209200C05ADB /* Resources */,
			);
			buildRules = (
			);
			dependencies = (
				3D82A6AD2245209200C05ADB /* PBXTargetDependency */,
			);
			name = TestAppUITests;
			productName = TestAppUITests;
			productReference = 3D82A6AB2245209200C05ADB /* TestAppUITests.xctest */;
			productType = "com.apple.product-type.bundle.ui-testing";
		};
/* End PBXNativeTarget section */

/* Begin PBXProject section */
		3D82A6842245209000C05ADB /* Project object */ = {
			isa = PBXProject;
			attributes = {
				LastSwiftUpdateCheck = 1010;
				LastUpgradeCheck = 1010;
				ORGANIZATIONNAME = "Roman Ivaniv";
				TargetAttributes = {
					3D82A68B2245209000C05ADB = {
						CreatedOnToolsVersion = 10.1;
					};
					3D82A69F2245209200C05ADB = {
						CreatedOnToolsVersion = 10.1;
						TestTargetID = 3D82A68B2245209000C05ADB;
					};
					3D82A6AA2245209200C05ADB = {
						CreatedOnToolsVersion = 10.1;
						TestTargetID = 3D82A68B2245209000C05ADB;
					};
				};
			};
			buildConfigurationList = 3D82A6872245209000C05ADB /* Build configuration list for PBXProject "TestApp" */;
			compatibilityVersion = "Xcode 9.3";
			developmentRegion = en;
			hasScannedForEncodings = 0;
			knownRegions = (
				en,
				Base,
			);
			mainGroup = 3D82A6832245209000C05ADB;
			productRefGroup = 3D82A68D2245209000C05ADB /* Products */;
			projectDirPath = "";
			projectRoot = "";
			targets = (
				3D82A68B2245209000C05ADB /* TestApp */,
				3D82A69F2245209200C05ADB /* TestAppTests */,
				3D82A6AA2245209200C05ADB /* TestAppUITests */,
			);
		};
/* End PBXProject section */

/* Begin PBXResourcesBuildPhase section */
		3D82A68A2245209000C05ADB /* Resources */ = {
			isa = PBXResourcesBuildPhase;
			buildActionMask = 2147483647;
			files = (
				3DC519C32247DEF300C9476F /* iOS test code .pdf in Resources */,
				3D82A69A2245209200C05ADB /* LaunchScreen.storyboard in Resources */,
				3D82A6972245209200C05ADB /* Assets.xcassets in Resources */,
				3D82A6952245209000C05ADB /* Main.storyboard in Resources */,
			);
			runOnlyForDeploymentPostprocessing = 0;
		};
		3D82A69E2245209200C05ADB /* Resources */ = {
			isa = PBXResourcesBuildPhase;
			buildActionMask = 2147483647;
			files = (
				3D97D4E622484B4A00ACD361 /* MovieListBroken.json in Resources */,
				3D97D4E4224845EF00ACD361 /* MovieListValid.json in Resources */,
			);
			runOnlyForDeploymentPostprocessing = 0;
		};
		3D82A6A92245209200C05ADB /* Resources */ = {
			isa = PBXResourcesBuildPhase;
			buildActionMask = 2147483647;
			files = (
			);
			runOnlyForDeploymentPostprocessing = 0;
		};
/* End PBXResourcesBuildPhase section */

/* Begin PBXShellScriptBuildPhase section */
		51B502E93CFE353C2D50ADA4 /* [CP] Check Pods Manifest.lock */ = {
			isa = PBXShellScriptBuildPhase;
			buildActionMask = 2147483647;
			files = (
			);
			inputFileListPaths = (
			);
			inputPaths = (
				"${PODS_PODFILE_DIR_PATH}/Podfile.lock",
				"${PODS_ROOT}/Manifest.lock",
			);
			name = "[CP] Check Pods Manifest.lock";
			outputFileListPaths = (
			);
			outputPaths = (
				"$(DERIVED_FILE_DIR)/Pods-TestApp-checkManifestLockResult.txt",
			);
			runOnlyForDeploymentPostprocessing = 0;
			shellPath = /bin/sh;
			shellScript = "diff \"${PODS_PODFILE_DIR_PATH}/Podfile.lock\" \"${PODS_ROOT}/Manifest.lock\" > /dev/null\nif [ $? != 0 ] ; then\n    # print error to STDERR\n    echo \"error: The sandbox is not in sync with the Podfile.lock. Run 'pod install' or update your CocoaPods installation.\" >&2\n    exit 1\nfi\n# This output is used by Xcode 'outputs' to avoid re-running this script phase.\necho \"SUCCESS\" > \"${SCRIPT_OUTPUT_FILE_0}\"\n";
			showEnvVarsInLog = 0;
		};
		87A2806910DFD7F8505CFB9E /* [CP] Check Pods Manifest.lock */ = {
			isa = PBXShellScriptBuildPhase;
			buildActionMask = 2147483647;
			files = (
			);
			inputFileListPaths = (
			);
			inputPaths = (
				"${PODS_PODFILE_DIR_PATH}/Podfile.lock",
				"${PODS_ROOT}/Manifest.lock",
			);
			name = "[CP] Check Pods Manifest.lock";
			outputFileListPaths = (
			);
			outputPaths = (
				"$(DERIVED_FILE_DIR)/Pods-TestAppUITests-checkManifestLockResult.txt",
			);
			runOnlyForDeploymentPostprocessing = 0;
			shellPath = /bin/sh;
			shellScript = "diff \"${PODS_PODFILE_DIR_PATH}/Podfile.lock\" \"${PODS_ROOT}/Manifest.lock\" > /dev/null\nif [ $? != 0 ] ; then\n    # print error to STDERR\n    echo \"error: The sandbox is not in sync with the Podfile.lock. Run 'pod install' or update your CocoaPods installation.\" >&2\n    exit 1\nfi\n# This output is used by Xcode 'outputs' to avoid re-running this script phase.\necho \"SUCCESS\" > \"${SCRIPT_OUTPUT_FILE_0}\"\n";
			showEnvVarsInLog = 0;
		};
		BD5FAD63B92419218BACBF9F /* [CP] Embed Pods Frameworks */ = {
			isa = PBXShellScriptBuildPhase;
			buildActionMask = 2147483647;
			files = (
			);
			inputFileListPaths = (
			);
			inputPaths = (
				"${SRCROOT}/Pods/Target Support Files/Pods-TestApp/Pods-TestApp-frameworks.sh",
				"${BUILT_PRODUCTS_DIR}/Alamofire/Alamofire.framework",
				"${BUILT_PRODUCTS_DIR}/Moya/Moya.framework",
				"${BUILT_PRODUCTS_DIR}/Result/Result.framework",
				"${BUILT_PRODUCTS_DIR}/SDWebImage/SDWebImage.framework",
				"${BUILT_PRODUCTS_DIR}/SVProgressHUD/SVProgressHUD.framework",
				"${BUILT_PRODUCTS_DIR}/YoutubeDirectLinkExtractor/YoutubeDirectLinkExtractor.framework",
			);
			name = "[CP] Embed Pods Frameworks";
			outputFileListPaths = (
			);
			outputPaths = (
				"${TARGET_BUILD_DIR}/${FRAMEWORKS_FOLDER_PATH}/Alamofire.framework",
				"${TARGET_BUILD_DIR}/${FRAMEWORKS_FOLDER_PATH}/Moya.framework",
				"${TARGET_BUILD_DIR}/${FRAMEWORKS_FOLDER_PATH}/Result.framework",
				"${TARGET_BUILD_DIR}/${FRAMEWORKS_FOLDER_PATH}/SDWebImage.framework",
				"${TARGET_BUILD_DIR}/${FRAMEWORKS_FOLDER_PATH}/SVProgressHUD.framework",
				"${TARGET_BUILD_DIR}/${FRAMEWORKS_FOLDER_PATH}/YoutubeDirectLinkExtractor.framework",
			);
			runOnlyForDeploymentPostprocessing = 0;
			shellPath = /bin/sh;
			shellScript = "\"${SRCROOT}/Pods/Target Support Files/Pods-TestApp/Pods-TestApp-frameworks.sh\"\n";
			showEnvVarsInLog = 0;
		};
/* End PBXShellScriptBuildPhase section */

/* Begin PBXSourcesBuildPhase section */
		3D82A6882245209000C05ADB /* Sources */ = {
			isa = PBXSourcesBuildPhase;
			buildActionMask = 2147483647;
			files = (
				3D97D4DC2247F84400ACD361 /* Reachability.swift in Sources */,
				3D7E0F5122465E9400B8AAF2 /* MovieService.swift in Sources */,
				3D7E0F5D224702A500B8AAF2 /* Extensions.swift in Sources */,
				3D7E0F572246AF7E00B8AAF2 /* AlertController.swift in Sources */,
				3D7E0F5522469BD600B8AAF2 /* MovieItem.swift in Sources */,
				3DC519C12247CD5400C9476F /* MovieDetailPresenter.swift in Sources */,
				3DC519BE224787D200C9476F /* MovieSplitViewController.swift in Sources */,
				3D7E0F4C224656A000B8AAF2 /* NetworkAdapter.swift in Sources */,
				3D82A6C522452C5A00C05ADB /* MovieDetailViewController.swift in Sources */,
				3D7E0F5322465E9D00B8AAF2 /* MovieClient.swift in Sources */,
				3D82A6BE2245211A00C05ADB /* MoviesListTableViewController.swift in Sources */,
				3D82A6902245209000C05ADB /* AppDelegate.swift in Sources */,
				3D97D4DE2247FE2500ACD361 /* OfflineStorage.swift in Sources */,
				3D16D3DD2246271A00875347 /* MovieDatabaseAPI.swift in Sources */,
				3D7E0F5B2246FC1F00B8AAF2 /* MovieListPresenter.swift in Sources */,
			);
			runOnlyForDeploymentPostprocessing = 0;
		};
		3D82A69C2245209200C05ADB /* Sources */ = {
			isa = PBXSourcesBuildPhase;
			buildActionMask = 2147483647;
			files = (
				3D97D4E1224844AB00ACD361 /* MovieResponseTests.swift in Sources */,
			);
			runOnlyForDeploymentPostprocessing = 0;
		};
		3D82A6A72245209200C05ADB /* Sources */ = {
			isa = PBXSourcesBuildPhase;
			buildActionMask = 2147483647;
			files = (
				3D82A6B02245209200C05ADB /* TestAppUITests.swift in Sources */,
			);
			runOnlyForDeploymentPostprocessing = 0;
		};
/* End PBXSourcesBuildPhase section */

/* Begin PBXTargetDependency section */
		3D82A6A22245209200C05ADB /* PBXTargetDependency */ = {
			isa = PBXTargetDependency;
			target = 3D82A68B2245209000C05ADB /* TestApp */;
			targetProxy = 3D82A6A12245209200C05ADB /* PBXContainerItemProxy */;
		};
		3D82A6AD2245209200C05ADB /* PBXTargetDependency */ = {
			isa = PBXTargetDependency;
			target = 3D82A68B2245209000C05ADB /* TestApp */;
			targetProxy = 3D82A6AC2245209200C05ADB /* PBXContainerItemProxy */;
		};
/* End PBXTargetDependency section */

/* Begin PBXVariantGroup section */
		3D82A6932245209000C05ADB /* Main.storyboard */ = {
			isa = PBXVariantGroup;
			children = (
				3D82A6942245209000C05ADB /* Base */,
			);
			name = Main.storyboard;
			sourceTree = "<group>";
		};
		3D82A6982245209200C05ADB /* LaunchScreen.storyboard */ = {
			isa = PBXVariantGroup;
			children = (
				3D82A6992245209200C05ADB /* Base */,
			);
			name = LaunchScreen.storyboard;
			sourceTree = "<group>";
		};
/* End PBXVariantGroup section */

/* Begin XCBuildConfiguration section */
		3D82A6B22245209200C05ADB /* Debug */ = {
			isa = XCBuildConfiguration;
			buildSettings = {
				ALWAYS_SEARCH_USER_PATHS = NO;
				CLANG_ANALYZER_NONNULL = YES;
				CLANG_ANALYZER_NUMBER_OBJECT_CONVERSION = YES_AGGRESSIVE;
				CLANG_CXX_LANGUAGE_STANDARD = "gnu++14";
				CLANG_CXX_LIBRARY = "libc++";
				CLANG_ENABLE_MODULES = YES;
				CLANG_ENABLE_OBJC_ARC = YES;
				CLANG_ENABLE_OBJC_WEAK = YES;
				CLANG_WARN_BLOCK_CAPTURE_AUTORELEASING = YES;
				CLANG_WARN_BOOL_CONVERSION = YES;
				CLANG_WARN_COMMA = YES;
				CLANG_WARN_CONSTANT_CONVERSION = YES;
				CLANG_WARN_DEPRECATED_OBJC_IMPLEMENTATIONS = YES;
				CLANG_WARN_DIRECT_OBJC_ISA_USAGE = YES_ERROR;
				CLANG_WARN_DOCUMENTATION_COMMENTS = YES;
				CLANG_WARN_EMPTY_BODY = YES;
				CLANG_WARN_ENUM_CONVERSION = YES;
				CLANG_WARN_INFINITE_RECURSION = YES;
				CLANG_WARN_INT_CONVERSION = YES;
				CLANG_WARN_NON_LITERAL_NULL_CONVERSION = YES;
				CLANG_WARN_OBJC_IMPLICIT_RETAIN_SELF = YES;
				CLANG_WARN_OBJC_LITERAL_CONVERSION = YES;
				CLANG_WARN_OBJC_ROOT_CLASS = YES_ERROR;
				CLANG_WARN_RANGE_LOOP_ANALYSIS = YES;
				CLANG_WARN_STRICT_PROTOTYPES = YES;
				CLANG_WARN_SUSPICIOUS_MOVE = YES;
				CLANG_WARN_UNGUARDED_AVAILABILITY = YES_AGGRESSIVE;
				CLANG_WARN_UNREACHABLE_CODE = YES;
				CLANG_WARN__DUPLICATE_METHOD_MATCH = YES;
				CODE_SIGN_IDENTITY = "iPhone Developer";
				COPY_PHASE_STRIP = NO;
				DEBUG_INFORMATION_FORMAT = dwarf;
				ENABLE_STRICT_OBJC_MSGSEND = YES;
				ENABLE_TESTABILITY = YES;
				GCC_C_LANGUAGE_STANDARD = gnu11;
				GCC_DYNAMIC_NO_PIC = NO;
				GCC_NO_COMMON_BLOCKS = YES;
				GCC_OPTIMIZATION_LEVEL = 0;
				GCC_PREPROCESSOR_DEFINITIONS = (
					"DEBUG=1",
					"$(inherited)",
				);
				GCC_WARN_64_TO_32_BIT_CONVERSION = YES;
				GCC_WARN_ABOUT_RETURN_TYPE = YES_ERROR;
				GCC_WARN_UNDECLARED_SELECTOR = YES;
				GCC_WARN_UNINITIALIZED_AUTOS = YES_AGGRESSIVE;
				GCC_WARN_UNUSED_FUNCTION = YES;
				GCC_WARN_UNUSED_VARIABLE = YES;
				IPHONEOS_DEPLOYMENT_TARGET = 12.1;
				MTL_ENABLE_DEBUG_INFO = INCLUDE_SOURCE;
				MTL_FAST_MATH = YES;
				ONLY_ACTIVE_ARCH = YES;
				SDKROOT = iphoneos;
				SWIFT_ACTIVE_COMPILATION_CONDITIONS = DEBUG;
				SWIFT_OPTIMIZATION_LEVEL = "-Onone";
			};
			name = Debug;
		};
		3D82A6B32245209200C05ADB /* Release */ = {
			isa = XCBuildConfiguration;
			buildSettings = {
				ALWAYS_SEARCH_USER_PATHS = NO;
				CLANG_ANALYZER_NONNULL = YES;
				CLANG_ANALYZER_NUMBER_OBJECT_CONVERSION = YES_AGGRESSIVE;
				CLANG_CXX_LANGUAGE_STANDARD = "gnu++14";
				CLANG_CXX_LIBRARY = "libc++";
				CLANG_ENABLE_MODULES = YES;
				CLANG_ENABLE_OBJC_ARC = YES;
				CLANG_ENABLE_OBJC_WEAK = YES;
				CLANG_WARN_BLOCK_CAPTURE_AUTORELEASING = YES;
				CLANG_WARN_BOOL_CONVERSION = YES;
				CLANG_WARN_COMMA = YES;
				CLANG_WARN_CONSTANT_CONVERSION = YES;
				CLANG_WARN_DEPRECATED_OBJC_IMPLEMENTATIONS = YES;
				CLANG_WARN_DIRECT_OBJC_ISA_USAGE = YES_ERROR;
				CLANG_WARN_DOCUMENTATION_COMMENTS = YES;
				CLANG_WARN_EMPTY_BODY = YES;
				CLANG_WARN_ENUM_CONVERSION = YES;
				CLANG_WARN_INFINITE_RECURSION = YES;
				CLANG_WARN_INT_CONVERSION = YES;
				CLANG_WARN_NON_LITERAL_NULL_CONVERSION = YES;
				CLANG_WARN_OBJC_IMPLICIT_RETAIN_SELF = YES;
				CLANG_WARN_OBJC_LITERAL_CONVERSION = YES;
				CLANG_WARN_OBJC_ROOT_CLASS = YES_ERROR;
				CLANG_WARN_RANGE_LOOP_ANALYSIS = YES;
				CLANG_WARN_STRICT_PROTOTYPES = YES;
				CLANG_WARN_SUSPICIOUS_MOVE = YES;
				CLANG_WARN_UNGUARDED_AVAILABILITY = YES_AGGRESSIVE;
				CLANG_WARN_UNREACHABLE_CODE = YES;
				CLANG_WARN__DUPLICATE_METHOD_MATCH = YES;
				CODE_SIGN_IDENTITY = "iPhone Developer";
				COPY_PHASE_STRIP = NO;
				DEBUG_INFORMATION_FORMAT = "dwarf-with-dsym";
				ENABLE_NS_ASSERTIONS = NO;
				ENABLE_STRICT_OBJC_MSGSEND = YES;
				GCC_C_LANGUAGE_STANDARD = gnu11;
				GCC_NO_COMMON_BLOCKS = YES;
				GCC_WARN_64_TO_32_BIT_CONVERSION = YES;
				GCC_WARN_ABOUT_RETURN_TYPE = YES_ERROR;
				GCC_WARN_UNDECLARED_SELECTOR = YES;
				GCC_WARN_UNINITIALIZED_AUTOS = YES_AGGRESSIVE;
				GCC_WARN_UNUSED_FUNCTION = YES;
				GCC_WARN_UNUSED_VARIABLE = YES;
				IPHONEOS_DEPLOYMENT_TARGET = 12.1;
				MTL_ENABLE_DEBUG_INFO = NO;
				MTL_FAST_MATH = YES;
				SDKROOT = iphoneos;
				SWIFT_COMPILATION_MODE = wholemodule;
				SWIFT_OPTIMIZATION_LEVEL = "-O";
				VALIDATE_PRODUCT = YES;
			};
			name = Release;
		};
		3D82A6B52245209200C05ADB /* Debug */ = {
			isa = XCBuildConfiguration;
			baseConfigurationReference = C384B8586BFBB7EDF672C4E7 /* Pods-TestApp.debug.xcconfig */;
			buildSettings = {
				ASSETCATALOG_COMPILER_APPICON_NAME = AppIcon;
				CODE_SIGN_STYLE = Automatic;
				DEVELOPMENT_TEAM = 7PU5UQR5U2;
				INFOPLIST_FILE = TestApp/Resources/Info.plist;
				LD_RUNPATH_SEARCH_PATHS = (
					"$(inherited)",
					"@executable_path/Frameworks",
				);
				PRODUCT_BUNDLE_IDENTIFIER = "rom-ivaniv.TestApp";
				PRODUCT_NAME = "$(TARGET_NAME)";
				SWIFT_VERSION = 4.2;
				TARGETED_DEVICE_FAMILY = "1,2";
			};
			name = Debug;
		};
		3D82A6B62245209200C05ADB /* Release */ = {
			isa = XCBuildConfiguration;
			baseConfigurationReference = 771D15A4E625D93DA3B35569 /* Pods-TestApp.release.xcconfig */;
			buildSettings = {
				ASSETCATALOG_COMPILER_APPICON_NAME = AppIcon;
				CODE_SIGN_STYLE = Automatic;
				DEVELOPMENT_TEAM = 7PU5UQR5U2;
				INFOPLIST_FILE = TestApp/Resources/Info.plist;
				LD_RUNPATH_SEARCH_PATHS = (
					"$(inherited)",
					"@executable_path/Frameworks",
				);
				PRODUCT_BUNDLE_IDENTIFIER = "rom-ivaniv.TestApp";
				PRODUCT_NAME = "$(TARGET_NAME)";
				SWIFT_VERSION = 4.2;
				TARGETED_DEVICE_FAMILY = "1,2";
			};
			name = Release;
		};
		3D82A6B82245209200C05ADB /* Debug */ = {
			isa = XCBuildConfiguration;
			buildSettings = {
				ALWAYS_EMBED_SWIFT_STANDARD_LIBRARIES = YES;
				BUNDLE_LOADER = "$(TEST_HOST)";
				CODE_SIGN_STYLE = Automatic;
				DEVELOPMENT_TEAM = 7PU5UQR5U2;
				INFOPLIST_FILE = TestAppTests/Info.plist;
				LD_RUNPATH_SEARCH_PATHS = (
					"$(inherited)",
					"@executable_path/Frameworks",
					"@loader_path/Frameworks",
				);
				PRODUCT_BUNDLE_IDENTIFIER = "rom-ivaniv.TestAppTests";
				PRODUCT_NAME = "$(TARGET_NAME)";
				SWIFT_VERSION = 4.2;
				TARGETED_DEVICE_FAMILY = "1,2";
				TEST_HOST = "$(BUILT_PRODUCTS_DIR)/TestApp.app/TestApp";
			};
			name = Debug;
		};
		3D82A6B92245209200C05ADB /* Release */ = {
			isa = XCBuildConfiguration;
			buildSettings = {
				ALWAYS_EMBED_SWIFT_STANDARD_LIBRARIES = YES;
				BUNDLE_LOADER = "$(TEST_HOST)";
				CODE_SIGN_STYLE = Automatic;
				DEVELOPMENT_TEAM = 7PU5UQR5U2;
				INFOPLIST_FILE = TestAppTests/Info.plist;
				LD_RUNPATH_SEARCH_PATHS = (
					"$(inherited)",
					"@executable_path/Frameworks",
					"@loader_path/Frameworks",
				);
				PRODUCT_BUNDLE_IDENTIFIER = "rom-ivaniv.TestAppTests";
				PRODUCT_NAME = "$(TARGET_NAME)";
				SWIFT_VERSION = 4.2;
				TARGETED_DEVICE_FAMILY = "1,2";
				TEST_HOST = "$(BUILT_PRODUCTS_DIR)/TestApp.app/TestApp";
			};
			name = Release;
		};
		3D82A6BB2245209200C05ADB /* Debug */ = {
			isa = XCBuildConfiguration;
			baseConfigurationReference = C1EBC0E9EFDEB64A86787B12 /* Pods-TestAppUITests.debug.xcconfig */;
			buildSettings = {
				ALWAYS_EMBED_SWIFT_STANDARD_LIBRARIES = YES;
				CODE_SIGN_STYLE = Automatic;
				DEVELOPMENT_TEAM = 7PU5UQR5U2;
				INFOPLIST_FILE = TestAppUITests/Info.plist;
				LD_RUNPATH_SEARCH_PATHS = (
					"$(inherited)",
					"@executable_path/Frameworks",
					"@loader_path/Frameworks",
				);
				PRODUCT_BUNDLE_IDENTIFIER = "rom-ivaniv.TestAppUITests";
				PRODUCT_NAME = "$(TARGET_NAME)";
				SWIFT_VERSION = 4.2;
				TARGETED_DEVICE_FAMILY = "1,2";
				TEST_TARGET_NAME = TestApp;
			};
			name = Debug;
		};
		3D82A6BC2245209200C05ADB /* Release */ = {
			isa = XCBuildConfiguration;
			baseConfigurationReference = 63C32D6C3CDDF68E801B841B /* Pods-TestAppUITests.release.xcconfig */;
			buildSettings = {
				ALWAYS_EMBED_SWIFT_STANDARD_LIBRARIES = YES;
				CODE_SIGN_STYLE = Automatic;
				DEVELOPMENT_TEAM = 7PU5UQR5U2;
				INFOPLIST_FILE = TestAppUITests/Info.plist;
				LD_RUNPATH_SEARCH_PATHS = (
					"$(inherited)",
					"@executable_path/Frameworks",
					"@loader_path/Frameworks",
				);
				PRODUCT_BUNDLE_IDENTIFIER = "rom-ivaniv.TestAppUITests";
				PRODUCT_NAME = "$(TARGET_NAME)";
				SWIFT_VERSION = 4.2;
				TARGETED_DEVICE_FAMILY = "1,2";
				TEST_TARGET_NAME = TestApp;
			};
			name = Release;
		};
/* End XCBuildConfiguration section */

/* Begin XCConfigurationList section */
		3D82A6872245209000C05ADB /* Build configuration list for PBXProject "TestApp" */ = {
			isa = XCConfigurationList;
			buildConfigurations = (
				3D82A6B22245209200C05ADB /* Debug */,
				3D82A6B32245209200C05ADB /* Release */,
			);
			defaultConfigurationIsVisible = 0;
			defaultConfigurationName = Release;
		};
		3D82A6B42245209200C05ADB /* Build configuration list for PBXNativeTarget "TestApp" */ = {
			isa = XCConfigurationList;
			buildConfigurations = (
				3D82A6B52245209200C05ADB /* Debug */,
				3D82A6B62245209200C05ADB /* Release */,
			);
			defaultConfigurationIsVisible = 0;
			defaultConfigurationName = Release;
		};
		3D82A6B72245209200C05ADB /* Build configuration list for PBXNativeTarget "TestAppTests" */ = {
			isa = XCConfigurationList;
			buildConfigurations = (
				3D82A6B82245209200C05ADB /* Debug */,
				3D82A6B92245209200C05ADB /* Release */,
			);
			defaultConfigurationIsVisible = 0;
			defaultConfigurationName = Release;
		};
		3D82A6BA2245209200C05ADB /* Build configuration list for PBXNativeTarget "TestAppUITests" */ = {
			isa = XCConfigurationList;
			buildConfigurations = (
				3D82A6BB2245209200C05ADB /* Debug */,
				3D82A6BC2245209200C05ADB /* Release */,
			);
			defaultConfigurationIsVisible = 0;
			defaultConfigurationName = Release;
		};
/* End XCConfigurationList section */
	};
	rootObject = 3D82A6842245209000C05ADB /* Project object */;
}
