// !$*UTF8*$!
{
	archiveVersion = 1;
	classes = {
	};
	objectVersion = 50;
	objects = {

/* Begin PBXBuildFile section */
		3D82A6902245209000C05ADB /* AppDelegate.swift in Sources */ = {isa = PBXBuildFile; fileRef = 3D82A68F2245209000C05ADB /* AppDelegate.swift */; };
		3D82A6952245209000C05ADB /* Main.storyboard in Resources */ = {isa = PBXBuildFile; fileRef = 3D82A6932245209000C05ADB /* Main.storyboard */; };
		3D82A6972245209200C05ADB /* Assets.xcassets in Resources */ = {isa = PBXBuildFile; fileRef = 3D82A6962245209200C05ADB /* Assets.xcassets */; };
		3D82A69A2245209200C05ADB /* LaunchScreen.storyboard in Resources */ = {isa = PBXBuildFile; fileRef = 3D82A6982245209200C05ADB /* LaunchScreen.storyboard */; };
		3D82A6A52245209200C05ADB /* TestAppTests.swift in Sources */ = {isa = PBXBuildFile; fileRef = 3D82A6A42245209200C05ADB /* TestAppTests.swift */; };
		3D82A6B02245209200C05ADB /* TestAppUITests.swift in Sources */ = {isa = PBXBuildFile; fileRef = 3D82A6AF2245209200C05ADB /* TestAppUITests.swift */; };
		3D82A6BE2245211A00C05ADB /* MoviesListTableViewController.swift in Sources */ = {isa = PBXBuildFile; fileRef = 3D82A6BD2245211A00C05ADB /* MoviesListTableViewController.swift */; };
		3D82A6C12245224C00C05ADB /* MovieTableViewCell.swift in Sources */ = {isa = PBXBuildFile; fileRef = 3D82A6BF2245224C00C05ADB /* MovieTableViewCell.swift */; };
		3D82A6C22245224C00C05ADB /* MovieTableViewCell.xib in Resources */ = {isa = PBXBuildFile; fileRef = 3D82A6C02245224C00C05ADB /* MovieTableViewCell.xib */; };
/* End PBXBuildFile section */

/* Begin PBXContainerItemProxy section */
		3D82A6A12245209200C05ADB /* PBXContainerItemProxy */ = {
			isa = PBXContainerItemProxy;
			containerPortal = 3D82A6842245209000C05ADB /* Project object */;
			proxyType = 1;
			remoteGlobalIDString = 3D82A68B2245209000C05ADB;
			remoteInfo = TestApp;
		};
		3D82A6AC2245209200C05ADB /* PBXContainerItemProxy */ = {
			isa = PBXContainerItemProxy;
			containerPortal = 3D82A6842245209000C05ADB /* Project object */;
			proxyType = 1;
			remoteGlobalIDString = 3D82A68B2245209000C05ADB;
			remoteInfo = TestApp;
		};
/* End PBXContainerItemProxy section */

/* Begin PBXFileReference section */
		3D82A68C2245209000C05ADB /* TestApp.app */ = {isa = PBXFileReference; explicitFileType = wrapper.application; includeInIndex = 0; path = TestApp.app; sourceTree = BUILT_PRODUCTS_DIR; };
		3D82A68F2245209000C05ADB /* AppDelegate.swift */ = {isa = PBXFileReference; lastKnownFileType = sourcecode.swift; path = AppDelegate.swift; sourceTree = "<group>"; };
		3D82A6942245209000C05ADB /* Base */ = {isa = PBXFileReference; lastKnownFileType = file.storyboard; name = Base; path = Base.lproj/Main.storyboard; sourceTree = "<group>"; };
		3D82A6962245209200C05ADB /* Assets.xcassets */ = {isa = PBXFileReference; lastKnownFileType = folder.assetcatalog; path = Assets.xcassets; sourceTree = "<group>"; };
		3D82A6992245209200C05ADB /* Base */ = {isa = PBXFileReference; lastKnownFileType = file.storyboard; name = Base; path = Base.lproj/LaunchScreen.storyboard; sourceTree = "<group>"; };
		3D82A69B2245209200C05ADB /* Info.plist */ = {isa = PBXFileReference; lastKnownFileType = text.plist.xml; path = Info.plist; sourceTree = "<group>"; };
		3D82A6A02245209200C05ADB /* TestAppTests.xctest */ = {isa = PBXFileReference; explicitFileType = wrapper.cfbundle; includeInIndex = 0; path = TestAppTests.xctest; sourceTree = BUILT_PRODUCTS_DIR; };
		3D82A6A42245209200C05ADB /* TestAppTests.swift */ = {isa = PBXFileReference; lastKnownFileType = sourcecode.swift; path = TestAppTests.swift; sourceTree = "<group>"; };
		3D82A6A62245209200C05ADB /* Info.plist */ = {isa = PBXFileReference; lastKnownFileType = text.plist.xml; path = Info.plist; sourceTree = "<group>"; };
		3D82A6AB2245209200C05ADB /* TestAppUITests.xctest */ = {isa = PBXFileReference; explicitFileType = wrapper.cfbundle; includeInIndex = 0; path = TestAppUITests.xctest; sourceTree = BUILT_PRODUCTS_DIR; };
		3D82A6AF2245209200C05ADB /* TestAppUITests.swift */ = {isa = PBXFileReference; lastKnownFileType = sourcecode.swift; path = TestAppUITests.swift; sourceTree = "<group>"; };
		3D82A6B12245209200C05ADB /* Info.plist */ = {isa = PBXFileReference; lastKnownFileType = text.plist.xml; path = Info.plist; sourceTree = "<group>"; };
		3D82A6BD2245211A00C05ADB /* MoviesListTableViewController.swift */ = {isa = PBXFileReference; lastKnownFileType = sourcecode.swift; path = MoviesListTableViewController.swift; sourceTree = "<group>"; };
		3D82A6BF2245224C00C05ADB /* MovieTableViewCell.swift */ = {isa = PBXFileReference; lastKnownFileType = sourcecode.swift; path = MovieTableViewCell.swift; sourceTree = "<group>"; };
		3D82A6C02245224C00C05ADB /* MovieTableViewCell.xib */ = {isa = PBXFileReference; lastKnownFileType = file.xib; path = MovieTableViewCell.xib; sourceTree = "<group>"; };
/* End PBXFileReference section */

/* Begin PBXFrameworksBuildPhase section */
		3D82A6892245209000C05ADB /* Frameworks */ = {
			isa = PBXFrameworksBuildPhase;
			buildActionMask = 2147483647;
			files = (
			);
			runOnlyForDeploymentPostprocessing = 0;
		};
		3D82A69D2245209200C05ADB /* Frameworks */ = {
			isa = PBXFrameworksBuildPhase;
			buildActionMask = 2147483647;
			files = (
			);
			runOnlyForDeploymentPostprocessing = 0;
		};
		3D82A6A82245209200C05ADB /* Frameworks */ = {
			isa = PBXFrameworksBuildPhase;
			buildActionMask = 2147483647;
			files = (
			);
			runOnlyForDeploymentPostprocessing = 0;
		};
/* End PBXFrameworksBuildPhase section */

/* Begin PBXGroup section */
		3D82A6832245209000C05ADB = {
			isa = PBXGroup;
			children = (
				3D82A68E2245209000C05ADB /* TestApp */,
				3D82A6A32245209200C05ADB /* TestAppTests */,
				3D82A6AE2245209200C05ADB /* TestAppUITests */,
				3D82A68D2245209000C05ADB /* Products */,
			);
			sourceTree = "<group>";
		};
		3D82A68D2245209000C05ADB /* Products */ = {
			isa = PBXGroup;
			children = (
				3D82A68C2245209000C05ADB /* TestApp.app */,
				3D82A6A02245209200C05ADB /* TestAppTests.xctest */,
				3D82A6AB2245209200C05ADB /* TestAppUITests.xctest */,
			);
			name = Products;
			sourceTree = "<group>";
		};
		3D82A68E2245209000C05ADB /* TestApp */ = {
			isa = PBXGroup;
			children = (
				3D82A68F2245209000C05ADB /* AppDelegate.swift */,
				3D82A6C32245225400C05ADB /* MovieCell */,
				3D82A6BD2245211A00C05ADB /* MoviesListTableViewController.swift */,
				3D82A6932245209000C05ADB /* Main.storyboard */,
				3D82A6962245209200C05ADB /* Assets.xcassets */,
				3D82A6982245209200C05ADB /* LaunchScreen.storyboard */,
				3D82A69B2245209200C05ADB /* Info.plist */,
			);
			path = TestApp;
			sourceTree = "<group>";
		};
		3D82A6A32245209200C05ADB /* TestAppTests */ = {
			isa = PBXGroup;
			children = (
				3D82A6A42245209200C05ADB /* TestAppTests.swift */,
				3D82A6A62245209200C05ADB /* Info.plist */,
			);
			path = TestAppTests;
			sourceTree = "<group>";
		};
		3D82A6AE2245209200C05ADB /* TestAppUITests */ = {
			isa = PBXGroup;
			children = (
				3D82A6AF2245209200C05ADB /* TestAppUITests.swift */,
				3D82A6B12245209200C05ADB /* Info.plist */,
			);
			path = TestAppUITests;
			sourceTree = "<group>";
		};
		3D82A6C32245225400C05ADB /* MovieCell */ = {
			isa = PBXGroup;
			children = (
				3D82A6BF2245224C00C05ADB /* MovieTableViewCell.swift */,
				3D82A6C02245224C00C05ADB /* MovieTableViewCell.xib */,
			);
			path = MovieCell;
			sourceTree = "<group>";
		};
/* End PBXGroup section */

/* Begin PBXNativeTarget section */
		3D82A68B2245209000C05ADB /* TestApp */ = {
			isa = PBXNativeTarget;
			buildConfigurationList = 3D82A6B42245209200C05ADB /* Build configuration list for PBXNativeTarget "TestApp" */;
			buildPhases = (
				3D82A6882245209000C05ADB /* Sources */,
				3D82A6892245209000C05ADB /* Frameworks */,
				3D82A68A2245209000C05ADB /* Resources */,
			);
			buildRules = (
			);
			dependencies = (
			);
			name = TestApp;
			productName = TestApp;
			productReference = 3D82A68C2245209000C05ADB /* TestApp.app */;
			productType = "com.apple.product-type.application";
		};
		3D82A69F2245209200C05ADB /* TestAppTests */ = {
			isa = PBXNativeTarget;
			buildConfigurationList = 3D82A6B72245209200C05ADB /* Build configuration list for PBXNativeTarget "TestAppTests" */;
			buildPhases = (
				3D82A69C2245209200C05ADB /* Sources */,
				3D82A69D2245209200C05ADB /* Frameworks */,
				3D82A69E2245209200C05ADB /* Resources */,
			);
			buildRules = (
			);
			dependencies = (
				3D82A6A22245209200C05ADB /* PBXTargetDependency */,
			);
			name = TestAppTests;
			productName = TestAppTests;
			productReference = 3D82A6A02245209200C05ADB /* TestAppTests.xctest */;
			productType = "com.apple.product-type.bundle.unit-test";
		};
		3D82A6AA2245209200C05ADB /* TestAppUITests */ = {
			isa = PBXNativeTarget;
			buildConfigurationList = 3D82A6BA2245209200C05ADB /* Build configuration list for PBXNativeTarget "TestAppUITests" */;
			buildPhases = (
				3D82A6A72245209200C05ADB /* Sources */,
				3D82A6A82245209200C05ADB /* Frameworks */,
				3D82A6A92245209200C05ADB /* Resources */,
			);
			buildRules = (
			);
			dependencies = (
				3D82A6AD2245209200C05ADB /* PBXTargetDependency */,
			);
			name = TestAppUITests;
			productName = TestAppUITests;
			productReference = 3D82A6AB2245209200C05ADB /* TestAppUITests.xctest */;
			productType = "com.apple.product-type.bundle.ui-testing";
		};
/* End PBXNativeTarget section */

/* Begin PBXProject section */
		3D82A6842245209000C05ADB /* Project object */ = {
			isa = PBXProject;
			attributes = {
				LastSwiftUpdateCheck = 1010;
				LastUpgradeCheck = 1010;
				ORGANIZATIONNAME = "Roman Ivaniv";
				TargetAttributes = {
					3D82A68B2245209000C05ADB = {
						CreatedOnToolsVersion = 10.1;
					};
					3D82A69F2245209200C05ADB = {
						CreatedOnToolsVersion = 10.1;
						TestTargetID = 3D82A68B2245209000C05ADB;
					};
					3D82A6AA2245209200C05ADB = {
						CreatedOnToolsVersion = 10.1;
						TestTargetID = 3D82A68B2245209000C05ADB;
					};
				};
			};
			buildConfigurationList = 3D82A6872245209000C05ADB /* Build configuration list for PBXProject "TestApp" */;
			compatibilityVersion = "Xcode 9.3";
			developmentRegion = en;
			hasScannedForEncodings = 0;
			knownRegions = (
				en,
				Base,
			);
			mainGroup = 3D82A6832245209000C05ADB;
			productRefGroup = 3D82A68D2245209000C05ADB /* Products */;
			projectDirPath = "";
			projectRoot = "";
			targets = (
				3D82A68B2245209000C05ADB /* TestApp */,
				3D82A69F2245209200C05ADB /* TestAppTests */,
				3D82A6AA2245209200C05ADB /* TestAppUITests */,
			);
		};
/* End PBXProject section */

/* Begin PBXResourcesBuildPhase section */
		3D82A68A2245209000C05ADB /* Resources */ = {
			isa = PBXResourcesBuildPhase;
			buildActionMask = 2147483647;
			files = (
				3D82A69A2245209200C05ADB /* LaunchScreen.storyboard in Resources */,
				3D82A6972245209200C05ADB /* Assets.xcassets in Resources */,
				3D82A6C22245224C00C05ADB /* MovieTableViewCell.xib in Resources */,
				3D82A6952245209000C05ADB /* Main.storyboard in Resources */,
			);
			runOnlyForDeploymentPostprocessing = 0;
		};
		3D82A69E2245209200C05ADB /* Resources */ = {
			isa = PBXResourcesBuildPhase;
			buildActionMask = 2147483647;
			files = (
			);
			runOnlyForDeploymentPostprocessing = 0;
		};
		3D82A6A92245209200C05ADB /* Resources */ = {
			isa = PBXResourcesBuildPhase;
			buildActionMask = 2147483647;
			files = (
			);
			runOnlyForDeploymentPostprocessing = 0;
		};
/* End PBXResourcesBuildPhase section */

/* Begin PBXSourcesBuildPhase section */
		3D82A6882245209000C05ADB /* Sources */ = {
			isa = PBXSourcesBuildPhase;
			buildActionMask = 2147483647;
			files = (
				3D82A6BE2245211A00C05ADB /* MoviesListTableViewController.swift in Sources */,
				3D82A6902245209000C05ADB /* AppDelegate.swift in Sources */,
				3D82A6C12245224C00C05ADB /* MovieTableViewCell.swift in Sources */,
			);
			runOnlyForDeploymentPostprocessing = 0;
		};
		3D82A69C2245209200C05ADB /* Sources */ = {
			isa = PBXSourcesBuildPhase;
			buildActionMask = 2147483647;
			files = (
				3D82A6A52245209200C05ADB /* TestAppTests.swift in Sources */,
			);
			runOnlyForDeploymentPostprocessing = 0;
		};
		3D82A6A72245209200C05ADB /* Sources */ = {
			isa = PBXSourcesBuildPhase;
			buildActionMask = 2147483647;
			files = (
				3D82A6B02245209200C05ADB /* TestAppUITests.swift in Sources */,
			);
			runOnlyForDeploymentPostprocessing = 0;
		};
/* End PBXSourcesBuildPhase section */

/* Begin PBXTargetDependency section */
		3D82A6A22245209200C05ADB /* PBXTargetDependency */ = {
			isa = PBXTargetDependency;
			target = 3D82A68B2245209000C05ADB /* TestApp */;
			targetProxy = 3D82A6A12245209200C05ADB /* PBXContainerItemProxy */;
		};
		3D82A6AD2245209200C05ADB /* PBXTargetDependency */ = {
			isa = PBXTargetDependency;
			target = 3D82A68B2245209000C05ADB /* TestApp */;
			targetProxy = 3D82A6AC2245209200C05ADB /* PBXContainerItemProxy */;
		};
/* End PBXTargetDependency section */

/* Begin PBXVariantGroup section */
		3D82A6932245209000C05ADB /* Main.storyboard */ = {
			isa = PBXVariantGroup;
			children = (
				3D82A6942245209000C05ADB /* Base */,
			);
			name = Main.storyboard;
			sourceTree = "<group>";
		};
		3D82A6982245209200C05ADB /* LaunchScreen.storyboard */ = {
			isa = PBXVariantGroup;
			children = (
				3D82A6992245209200C05ADB /* Base */,
			);
			name = LaunchScreen.storyboard;
			sourceTree = "<group>";
		};
/* End PBXVariantGroup section */

/* Begin XCBuildConfiguration section */
		3D82A6B22245209200C05ADB /* Debug */ = {
			isa = XCBuildConfiguration;
			buildSettings = {
				ALWAYS_SEARCH_USER_PATHS = NO;
				CLANG_ANALYZER_NONNULL = YES;
				CLANG_ANALYZER_NUMBER_OBJECT_CONVERSION = YES_AGGRESSIVE;
				CLANG_CXX_LANGUAGE_STANDARD = "gnu++14";
				CLANG_CXX_LIBRARY = "libc++";
				CLANG_ENABLE_MODULES = YES;
				CLANG_ENABLE_OBJC_ARC = YES;
				CLANG_ENABLE_OBJC_WEAK = YES;
				CLANG_WARN_BLOCK_CAPTURE_AUTORELEASING = YES;
				CLANG_WARN_BOOL_CONVERSION = YES;
				CLANG_WARN_COMMA = YES;
				CLANG_WARN_CONSTANT_CONVERSION = YES;
				CLANG_WARN_DEPRECATED_OBJC_IMPLEMENTATIONS = YES;
				CLANG_WARN_DIRECT_OBJC_ISA_USAGE = YES_ERROR;
				CLANG_WARN_DOCUMENTATION_COMMENTS = YES;
				CLANG_WARN_EMPTY_BODY = YES;
				CLANG_WARN_ENUM_CONVERSION = YES;
				CLANG_WARN_INFINITE_RECURSION = YES;
				CLANG_WARN_INT_CONVERSION = YES;
				CLANG_WARN_NON_LITERAL_NULL_CONVERSION = YES;
				CLANG_WARN_OBJC_IMPLICIT_RETAIN_SELF = YES;
				CLANG_WARN_OBJC_LITERAL_CONVERSION = YES;
				CLANG_WARN_OBJC_ROOT_CLASS = YES_ERROR;
				CLANG_WARN_RANGE_LOOP_ANALYSIS = YES;
				CLANG_WARN_STRICT_PROTOTYPES = YES;
				CLANG_WARN_SUSPICIOUS_MOVE = YES;
				CLANG_WARN_UNGUARDED_AVAILABILITY = YES_AGGRESSIVE;
				CLANG_WARN_UNREACHABLE_CODE = YES;
				CLANG_WARN__DUPLICATE_METHOD_MATCH = YES;
				CODE_SIGN_IDENTITY = "iPhone Developer";
				COPY_PHASE_STRIP = NO;
				DEBUG_INFORMATION_FORMAT = dwarf;
				ENABLE_STRICT_OBJC_MSGSEND = YES;
				ENABLE_TESTABILITY = YES;
				GCC_C_LANGUAGE_STANDARD = gnu11;
				GCC_DYNAMIC_NO_PIC = NO;
				GCC_NO_COMMON_BLOCKS = YES;
				GCC_OPTIMIZATION_LEVEL = 0;
				GCC_PREPROCESSOR_DEFINITIONS = (
					"DEBUG=1",
					"$(inherited)",
				);
				GCC_WARN_64_TO_32_BIT_CONVERSION = YES;
				GCC_WARN_ABOUT_RETURN_TYPE = YES_ERROR;
				GCC_WARN_UNDECLARED_SELECTOR = YES;
				GCC_WARN_UNINITIALIZED_AUTOS = YES_AGGRESSIVE;
				GCC_WARN_UNUSED_FUNCTION = YES;
				GCC_WARN_UNUSED_VARIABLE = YES;
				IPHONEOS_DEPLOYMENT_TARGET = 12.1;
				MTL_ENABLE_DEBUG_INFO = INCLUDE_SOURCE;
				MTL_FAST_MATH = YES;
				ONLY_ACTIVE_ARCH = YES;
				SDKROOT = iphoneos;
				SWIFT_ACTIVE_COMPILATION_CONDITIONS = DEBUG;
				SWIFT_OPTIMIZATION_LEVEL = "-Onone";
			};
			name = Debug;
		};
		3D82A6B32245209200C05ADB /* Release */ = {
			isa = XCBuildConfiguration;
			buildSettings = {
				ALWAYS_SEARCH_USER_PATHS = NO;
				CLANG_ANALYZER_NONNULL = YES;
				CLANG_ANALYZER_NUMBER_OBJECT_CONVERSION = YES_AGGRESSIVE;
				CLANG_CXX_LANGUAGE_STANDARD = "gnu++14";
				CLANG_CXX_LIBRARY = "libc++";
				CLANG_ENABLE_MODULES = YES;
				CLANG_ENABLE_OBJC_ARC = YES;
				CLANG_ENABLE_OBJC_WEAK = YES;
				CLANG_WARN_BLOCK_CAPTURE_AUTORELEASING = YES;
				CLANG_WARN_BOOL_CONVERSION = YES;
				CLANG_WARN_COMMA = YES;
				CLANG_WARN_CONSTANT_CONVERSION = YES;
				CLANG_WARN_DEPRECATED_OBJC_IMPLEMENTATIONS = YES;
				CLANG_WARN_DIRECT_OBJC_ISA_USAGE = YES_ERROR;
				CLANG_WARN_DOCUMENTATION_COMMENTS = YES;
				CLANG_WARN_EMPTY_BODY = YES;
				CLANG_WARN_ENUM_CONVERSION = YES;
				CLANG_WARN_INFINITE_RECURSION = YES;
				CLANG_WARN_INT_CONVERSION = YES;
				CLANG_WARN_NON_LITERAL_NULL_CONVERSION = YES;
				CLANG_WARN_OBJC_IMPLICIT_RETAIN_SELF = YES;
				CLANG_WARN_OBJC_LITERAL_CONVERSION = YES;
				CLANG_WARN_OBJC_ROOT_CLASS = YES_ERROR;
				CLANG_WARN_RANGE_LOOP_ANALYSIS = YES;
				CLANG_WARN_STRICT_PROTOTYPES = YES;
				CLANG_WARN_SUSPICIOUS_MOVE = YES;
				CLANG_WARN_UNGUARDED_AVAILABILITY = YES_AGGRESSIVE;
				CLANG_WARN_UNREACHABLE_CODE = YES;
				CLANG_WARN__DUPLICATE_METHOD_MATCH = YES;
				CODE_SIGN_IDENTITY = "iPhone Developer";
				COPY_PHASE_STRIP = NO;
				DEBUG_INFORMATION_FORMAT = "dwarf-with-dsym";
				ENABLE_NS_ASSERTIONS = NO;
				ENABLE_STRICT_OBJC_MSGSEND = YES;
				GCC_C_LANGUAGE_STANDARD = gnu11;
				GCC_NO_COMMON_BLOCKS = YES;
				GCC_WARN_64_TO_32_BIT_CONVERSION = YES;
				GCC_WARN_ABOUT_RETURN_TYPE = YES_ERROR;
				GCC_WARN_UNDECLARED_SELECTOR = YES;
				GCC_WARN_UNINITIALIZED_AUTOS = YES_AGGRESSIVE;
				GCC_WARN_UNUSED_FUNCTION = YES;
				GCC_WARN_UNUSED_VARIABLE = YES;
				IPHONEOS_DEPLOYMENT_TARGET = 12.1;
				MTL_ENABLE_DEBUG_INFO = NO;
				MTL_FAST_MATH = YES;
				SDKROOT = iphoneos;
				SWIFT_COMPILATION_MODE = wholemodule;
				SWIFT_OPTIMIZATION_LEVEL = "-O";
				VALIDATE_PRODUCT = YES;
			};
			name = Release;
		};
		3D82A6B52245209200C05ADB /* Debug */ = {
			isa = XCBuildConfiguration;
			buildSettings = {
				ASSETCATALOG_COMPILER_APPICON_NAME = AppIcon;
				CODE_SIGN_STYLE = Automatic;
				DEVELOPMENT_TEAM = 7PU5UQR5U2;
				INFOPLIST_FILE = TestApp/Info.plist;
				LD_RUNPATH_SEARCH_PATHS = (
					"$(inherited)",
					"@executable_path/Frameworks",
				);
				PRODUCT_BUNDLE_IDENTIFIER = "rom-ivaniv.TestApp";
				PRODUCT_NAME = "$(TARGET_NAME)";
				SWIFT_VERSION = 4.2;
				TARGETED_DEVICE_FAMILY = "1,2";
			};
			name = Debug;
		};
		3D82A6B62245209200C05ADB /* Release */ = {
			isa = XCBuildConfiguration;
			buildSettings = {
				ASSETCATALOG_COMPILER_APPICON_NAME = AppIcon;
				CODE_SIGN_STYLE = Automatic;
				DEVELOPMENT_TEAM = 7PU5UQR5U2;
				INFOPLIST_FILE = TestApp/Info.plist;
				LD_RUNPATH_SEARCH_PATHS = (
					"$(inherited)",
					"@executable_path/Frameworks",
				);
				PRODUCT_BUNDLE_IDENTIFIER = "rom-ivaniv.TestApp";
				PRODUCT_NAME = "$(TARGET_NAME)";
				SWIFT_VERSION = 4.2;
				TARGETED_DEVICE_FAMILY = "1,2";
			};
			name = Release;
		};
		3D82A6B82245209200C05ADB /* Debug */ = {
			isa = XCBuildConfiguration;
			buildSettings = {
				ALWAYS_EMBED_SWIFT_STANDARD_LIBRARIES = YES;
				BUNDLE_LOADER = "$(TEST_HOST)";
				CODE_SIGN_STYLE = Automatic;
				DEVELOPMENT_TEAM = 7PU5UQR5U2;
				INFOPLIST_FILE = TestAppTests/Info.plist;
				LD_RUNPATH_SEARCH_PATHS = (
					"$(inherited)",
					"@executable_path/Frameworks",
					"@loader_path/Frameworks",
				);
				PRODUCT_BUNDLE_IDENTIFIER = "rom-ivaniv.TestAppTests";
				PRODUCT_NAME = "$(TARGET_NAME)";
				SWIFT_VERSION = 4.2;
				TARGETED_DEVICE_FAMILY = "1,2";
				TEST_HOST = "$(BUILT_PRODUCTS_DIR)/TestApp.app/TestApp";
			};
			name = Debug;
		};
		3D82A6B92245209200C05ADB /* Release */ = {
			isa = XCBuildConfiguration;
			buildSettings = {
				ALWAYS_EMBED_SWIFT_STANDARD_LIBRARIES = YES;
				BUNDLE_LOADER = "$(TEST_HOST)";
				CODE_SIGN_STYLE = Automatic;
				DEVELOPMENT_TEAM = 7PU5UQR5U2;
				INFOPLIST_FILE = TestAppTests/Info.plist;
				LD_RUNPATH_SEARCH_PATHS = (
					"$(inherited)",
					"@executable_path/Frameworks",
					"@loader_path/Frameworks",
				);
				PRODUCT_BUNDLE_IDENTIFIER = "rom-ivaniv.TestAppTests";
				PRODUCT_NAME = "$(TARGET_NAME)";
				SWIFT_VERSION = 4.2;
				TARGETED_DEVICE_FAMILY = "1,2";
				TEST_HOST = "$(BUILT_PRODUCTS_DIR)/TestApp.app/TestApp";
			};
			name = Release;
		};
		3D82A6BB2245209200C05ADB /* Debug */ = {
			isa = XCBuildConfiguration;
			buildSettings = {
				ALWAYS_EMBED_SWIFT_STANDARD_LIBRARIES = YES;
				CODE_SIGN_STYLE = Automatic;
				DEVELOPMENT_TEAM = 7PU5UQR5U2;
				INFOPLIST_FILE = TestAppUITests/Info.plist;
				LD_RUNPATH_SEARCH_PATHS = (
					"$(inherited)",
					"@executable_path/Frameworks",
					"@loader_path/Frameworks",
				);
				PRODUCT_BUNDLE_IDENTIFIER = "rom-ivaniv.TestAppUITests";
				PRODUCT_NAME = "$(TARGET_NAME)";
				SWIFT_VERSION = 4.2;
				TARGETED_DEVICE_FAMILY = "1,2";
				TEST_TARGET_NAME = TestApp;
			};
			name = Debug;
		};
		3D82A6BC2245209200C05ADB /* Release */ = {
			isa = XCBuildConfiguration;
			buildSettings = {
				ALWAYS_EMBED_SWIFT_STANDARD_LIBRARIES = YES;
				CODE_SIGN_STYLE = Automatic;
				DEVELOPMENT_TEAM = 7PU5UQR5U2;
				INFOPLIST_FILE = TestAppUITests/Info.plist;
				LD_RUNPATH_SEARCH_PATHS = (
					"$(inherited)",
					"@executable_path/Frameworks",
					"@loader_path/Frameworks",
				);
				PRODUCT_BUNDLE_IDENTIFIER = "rom-ivaniv.TestAppUITests";
				PRODUCT_NAME = "$(TARGET_NAME)";
				SWIFT_VERSION = 4.2;
				TARGETED_DEVICE_FAMILY = "1,2";
				TEST_TARGET_NAME = TestApp;
			};
			name = Release;
		};
/* End XCBuildConfiguration section */

/* Begin XCConfigurationList section */
		3D82A6872245209000C05ADB /* Build configuration list for PBXProject "TestApp" */ = {
			isa = XCConfigurationList;
			buildConfigurations = (
				3D82A6B22245209200C05ADB /* Debug */,
				3D82A6B32245209200C05ADB /* Release */,
			);
			defaultConfigurationIsVisible = 0;
			defaultConfigurationName = Release;
		};
		3D82A6B42245209200C05ADB /* Build configuration list for PBXNativeTarget "TestApp" */ = {
			isa = XCConfigurationList;
			buildConfigurations = (
				3D82A6B52245209200C05ADB /* Debug */,
				3D82A6B62245209200C05ADB /* Release */,
			);
			defaultConfigurationIsVisible = 0;
			defaultConfigurationName = Release;
		};
		3D82A6B72245209200C05ADB /* Build configuration list for PBXNativeTarget "TestAppTests" */ = {
			isa = XCConfigurationList;
			buildConfigurations = (
				3D82A6B82245209200C05ADB /* Debug */,
				3D82A6B92245209200C05ADB /* Release */,
			);
			defaultConfigurationIsVisible = 0;
			defaultConfigurationName = Release;
		};
		3D82A6BA2245209200C05ADB /* Build configuration list for PBXNativeTarget "TestAppUITests" */ = {
			isa = XCConfigurationList;
			buildConfigurations = (
				3D82A6BB2245209200C05ADB /* Debug */,
				3D82A6BC2245209200C05ADB /* Release */,
			);
			defaultConfigurationIsVisible = 0;
			defaultConfigurationName = Release;
		};
/* End XCConfigurationList section */
	};
	rootObject = 3D82A6842245209000C05ADB /* Project object */;
}
